
Microsoft Visual Studio Solution File, Format Version 12.00
Project("{FAE04EC0-301F-11D3-BF4B-00C04F79EFBC}") = "ContainersAPBD", "ContainersAPBD\ContainersAPBD.csproj", "{259FE646-BA2B-49F3-910F-883BBAE49A88}"
EndProject
Global
	GlobalSection(SolutionConfigurationPlatforms) = preSolution
		Debug|Any CPU = Debug|Any CPU
		Release|Any CPU = Release|Any CPU
	EndGlobalSection
	GlobalSection(ProjectConfigurationPlatforms) = postSolution
		{259FE646-BA2B-49F3-910F-883BBAE49A88}.Debug|Any CPU.ActiveCfg = Debug|Any CPU
		{259FE646-BA2B-49F3-910F-883BBAE49A88}.Debug|Any CPU.Build.0 = Debug|Any CPU
		{259FE646-BA2B-49F3-910F-883BBAE49A88}.Release|Any CPU.ActiveCfg = Release|Any CPU
		{259FE646-BA2B-49F3-910F-883BBAE49A88}.Release|Any CPU.Build.0 = Release|Any CPU
	EndGlobalSection
EndGlobal
